
Microsoft Visual Studio Solution File, Format Version 12.00
# Visual Studio Version 17
VisualStudioVersion = 17.11.35327.3
MinimumVisualStudioVersion = 10.0.40219.1
Project("{FAE04EC0-301F-11D3-BF4B-00C04F79EFBC}") = "UsuariosApi", "usuariosApi\UsuariosApi.csproj", "{58E9833F-A3E0-40C2-B437-6C81A6655E12}"
EndProject
Project("{FAE04EC0-301F-11D3-BF4B-00C04F79EFBC}") = "UserManagement.Data", "UserManagement.Data\UserManagement.Data.csproj", "{BD81807C-75B0-469E-98DE-A8255119AAA0}"
EndProject
Global
	GlobalSection(SolutionConfigurationPlatforms) = preSolution
		Debug|Any CPU = Debug|Any CPU
		Release|Any CPU = Release|Any CPU
	EndGlobalSection
	GlobalSection(ProjectConfigurationPlatforms) = postSolution
		{58E9833F-A3E0-40C2-B437-6C81A6655E12}.Debug|Any CPU.ActiveCfg = Debug|Any CPU
		{58E9833F-A3E0-40C2-B437-6C81A6655E12}.Debug|Any CPU.Build.0 = Debug|Any CPU
		{58E9833F-A3E0-40C2-B437-6C81A6655E12}.Release|Any CPU.ActiveCfg = Release|Any CPU
		{58E9833F-A3E0-40C2-B437-6C81A6655E12}.Release|Any CPU.Build.0 = Release|Any CPU
		{BD81807C-75B0-469E-98DE-A8255119AAA0}.Debug|Any CPU.ActiveCfg = Debug|Any CPU
		{BD81807C-75B0-469E-98DE-A8255119AAA0}.Debug|Any CPU.Build.0 = Debug|Any CPU
		{BD81807C-75B0-469E-98DE-A8255119AAA0}.Release|Any CPU.ActiveCfg = Release|Any CPU
		{BD81807C-75B0-469E-98DE-A8255119AAA0}.Release|Any CPU.Build.0 = Release|Any CPU
	EndGlobalSection
	GlobalSection(SolutionProperties) = preSolution
		HideSolutionNode = FALSE
	EndGlobalSection
	GlobalSection(ExtensibilityGlobals) = postSolution
		SolutionGuid = {086E0588-9B8E-4930-A4E1-491ED187D077}
	EndGlobalSection
EndGlobal
